
Microsoft Visual Studio Solution File, Format Version 12.00
# Visual Studio Version 16
VisualStudioVersion = 16.0.31729.503
MinimumVisualStudioVersion = 10.0.40219.1
Project("{FAE04EC0-301F-11D3-BF4B-00C04F79EFBC}") = "WinFormsApp1", "WinFormsApp1\WinFormsApp1.csproj", "{9B22CFF2-BBA7-4FEE-B901-1CF817AA4C03}"
EndProject
Global
	GlobalSection(SolutionConfigurationPlatforms) = preSolution
		Debug|Any CPU = Debug|Any CPU
		Release|Any CPU = Release|Any CPU
	EndGlobalSection
	GlobalSection(ProjectConfigurationPlatforms) = postSolution
		{9B22CFF2-BBA7-4FEE-B901-1CF817AA4C03}.Debug|Any CPU.ActiveCfg = Debug|Any CPU
		{9B22CFF2-BBA7-4FEE-B901-1CF817AA4C03}.Debug|Any CPU.Build.0 = Debug|Any CPU
		{9B22CFF2-BBA7-4FEE-B901-1CF817AA4C03}.Release|Any CPU.ActiveCfg = Release|Any CPU
		{9B22CFF2-BBA7-4FEE-B901-1CF817AA4C03}.Release|Any CPU.Build.0 = Release|Any CPU
	EndGlobalSection
	GlobalSection(SolutionProperties) = preSolution
		HideSolutionNode = FALSE
	EndGlobalSection
	GlobalSection(ExtensibilityGlobals) = postSolution
		SolutionGuid = {0E359254-8200-47D3-BA83-4F3D617E7982}
	EndGlobalSection
EndGlobal
